
Microsoft Visual Studio Solution File, Format Version 12.00
# Visual Studio 15
VisualStudioVersion = 15.0.26124.0
MinimumVisualStudioVersion = 15.0.26124.0
Project("{FAE04EC0-301F-11D3-BF4B-00C04F79EFBC}") = "clinioapi.webapi", "clinioapi.webapi\clinioapi.webapi.csproj", "{B0A115B8-DA21-43D5-95B5-2E9A0F5EDC01}"
EndProject
Project("{FAE04EC0-301F-11D3-BF4B-00C04F79EFBC}") = "clinioapi.infrastructure", "clinioapi.infrastructure\clinioapi.infrastructure.csproj", "{2D441869-0DF8-427D-97B4-B2EDF33BA419}"
EndProject
Project("{FAE04EC0-301F-11D3-BF4B-00C04F79EFBC}") = "clinioapi.core", "clinioapi.core\clinioapi.core.csproj", "{41A19002-0E70-450C-8F41-CC022A26EA39}"
EndProject
Project("{FAE04EC0-301F-11D3-BF4B-00C04F79EFBC}") = "clinioapi.services", "clinioapi.services\clinioapi.services.csproj", "{49BB5052-F47D-4BEE-AC69-BB843263D3D1}"
EndProject
Global
	GlobalSection(SolutionConfigurationPlatforms) = preSolution
		Debug|Any CPU = Debug|Any CPU
		Debug|x64 = Debug|x64
		Debug|x86 = Debug|x86
		Release|Any CPU = Release|Any CPU
		Release|x64 = Release|x64
		Release|x86 = Release|x86
	EndGlobalSection
	GlobalSection(SolutionProperties) = preSolution
		HideSolutionNode = FALSE
	EndGlobalSection
	GlobalSection(ProjectConfigurationPlatforms) = postSolution
		{B0A115B8-DA21-43D5-95B5-2E9A0F5EDC01}.Debug|Any CPU.ActiveCfg = Debug|Any CPU
		{B0A115B8-DA21-43D5-95B5-2E9A0F5EDC01}.Debug|Any CPU.Build.0 = Debug|Any CPU
		{B0A115B8-DA21-43D5-95B5-2E9A0F5EDC01}.Debug|x64.ActiveCfg = Debug|Any CPU
		{B0A115B8-DA21-43D5-95B5-2E9A0F5EDC01}.Debug|x64.Build.0 = Debug|Any CPU
		{B0A115B8-DA21-43D5-95B5-2E9A0F5EDC01}.Debug|x86.ActiveCfg = Debug|Any CPU
		{B0A115B8-DA21-43D5-95B5-2E9A0F5EDC01}.Debug|x86.Build.0 = Debug|Any CPU
		{B0A115B8-DA21-43D5-95B5-2E9A0F5EDC01}.Release|Any CPU.ActiveCfg = Release|Any CPU
		{B0A115B8-DA21-43D5-95B5-2E9A0F5EDC01}.Release|Any CPU.Build.0 = Release|Any CPU
		{B0A115B8-DA21-43D5-95B5-2E9A0F5EDC01}.Release|x64.ActiveCfg = Release|Any CPU
		{B0A115B8-DA21-43D5-95B5-2E9A0F5EDC01}.Release|x64.Build.0 = Release|Any CPU
		{B0A115B8-DA21-43D5-95B5-2E9A0F5EDC01}.Release|x86.ActiveCfg = Release|Any CPU
		{B0A115B8-DA21-43D5-95B5-2E9A0F5EDC01}.Release|x86.Build.0 = Release|Any CPU
		{2D441869-0DF8-427D-97B4-B2EDF33BA419}.Debug|Any CPU.ActiveCfg = Debug|Any CPU
		{2D441869-0DF8-427D-97B4-B2EDF33BA419}.Debug|Any CPU.Build.0 = Debug|Any CPU
		{2D441869-0DF8-427D-97B4-B2EDF33BA419}.Debug|x64.ActiveCfg = Debug|Any CPU
		{2D441869-0DF8-427D-97B4-B2EDF33BA419}.Debug|x64.Build.0 = Debug|Any CPU
		{2D441869-0DF8-427D-97B4-B2EDF33BA419}.Debug|x86.ActiveCfg = Debug|Any CPU
		{2D441869-0DF8-427D-97B4-B2EDF33BA419}.Debug|x86.Build.0 = Debug|Any CPU
		{2D441869-0DF8-427D-97B4-B2EDF33BA419}.Release|Any CPU.ActiveCfg = Release|Any CPU
		{2D441869-0DF8-427D-97B4-B2EDF33BA419}.Release|Any CPU.Build.0 = Release|Any CPU
		{2D441869-0DF8-427D-97B4-B2EDF33BA419}.Release|x64.ActiveCfg = Release|Any CPU
		{2D441869-0DF8-427D-97B4-B2EDF33BA419}.Release|x64.Build.0 = Release|Any CPU
		{2D441869-0DF8-427D-97B4-B2EDF33BA419}.Release|x86.ActiveCfg = Release|Any CPU
		{2D441869-0DF8-427D-97B4-B2EDF33BA419}.Release|x86.Build.0 = Release|Any CPU
		{41A19002-0E70-450C-8F41-CC022A26EA39}.Debug|Any CPU.ActiveCfg = Debug|Any CPU
		{41A19002-0E70-450C-8F41-CC022A26EA39}.Debug|Any CPU.Build.0 = Debug|Any CPU
		{41A19002-0E70-450C-8F41-CC022A26EA39}.Debug|x64.ActiveCfg = Debug|Any CPU
		{41A19002-0E70-450C-8F41-CC022A26EA39}.Debug|x64.Build.0 = Debug|Any CPU
		{41A19002-0E70-450C-8F41-CC022A26EA39}.Debug|x86.ActiveCfg = Debug|Any CPU
		{41A19002-0E70-450C-8F41-CC022A26EA39}.Debug|x86.Build.0 = Debug|Any CPU
		{41A19002-0E70-450C-8F41-CC022A26EA39}.Release|Any CPU.ActiveCfg = Release|Any CPU
		{41A19002-0E70-450C-8F41-CC022A26EA39}.Release|Any CPU.Build.0 = Release|Any CPU
		{41A19002-0E70-450C-8F41-CC022A26EA39}.Release|x64.ActiveCfg = Release|Any CPU
		{41A19002-0E70-450C-8F41-CC022A26EA39}.Release|x64.Build.0 = Release|Any CPU
		{41A19002-0E70-450C-8F41-CC022A26EA39}.Release|x86.ActiveCfg = Release|Any CPU
		{41A19002-0E70-450C-8F41-CC022A26EA39}.Release|x86.Build.0 = Release|Any CPU
		{49BB5052-F47D-4BEE-AC69-BB843263D3D1}.Debug|Any CPU.ActiveCfg = Debug|Any CPU
		{49BB5052-F47D-4BEE-AC69-BB843263D3D1}.Debug|Any CPU.Build.0 = Debug|Any CPU
		{49BB5052-F47D-4BEE-AC69-BB843263D3D1}.Debug|x64.ActiveCfg = Debug|Any CPU
		{49BB5052-F47D-4BEE-AC69-BB843263D3D1}.Debug|x64.Build.0 = Debug|Any CPU
		{49BB5052-F47D-4BEE-AC69-BB843263D3D1}.Debug|x86.ActiveCfg = Debug|Any CPU
		{49BB5052-F47D-4BEE-AC69-BB843263D3D1}.Debug|x86.Build.0 = Debug|Any CPU
		{49BB5052-F47D-4BEE-AC69-BB843263D3D1}.Release|Any CPU.ActiveCfg = Release|Any CPU
		{49BB5052-F47D-4BEE-AC69-BB843263D3D1}.Release|Any CPU.Build.0 = Release|Any CPU
		{49BB5052-F47D-4BEE-AC69-BB843263D3D1}.Release|x64.ActiveCfg = Release|Any CPU
		{49BB5052-F47D-4BEE-AC69-BB843263D3D1}.Release|x64.Build.0 = Release|Any CPU
		{49BB5052-F47D-4BEE-AC69-BB843263D3D1}.Release|x86.ActiveCfg = Release|Any CPU
		{49BB5052-F47D-4BEE-AC69-BB843263D3D1}.Release|x86.Build.0 = Release|Any CPU
	EndGlobalSection
EndGlobal
